
Microsoft Visual Studio Solution File, Format Version 11.00
# Visual Studio 2010
Project("{FAE04EC0-301F-11D3-BF4B-00C04F79EFBC}") = "lowPolyRock", "Assembly-CSharp.csproj", "{AF278D5A-5E1C-5AAA-AE2C-94119D64D682}"
EndProject
Project("{FAE04EC0-301F-11D3-BF4B-00C04F79EFBC}") = "lowPolyRock", "Assembly-CSharp-Editor.csproj", "{094611C2-1CD1-20AC-821B-1BCAB0FDB6F2}"
EndProject
Global
	GlobalSection(SolutionConfigurationPlatforms) = preSolution
		Debug|Any CPU = Debug|Any CPU
		Release|Any CPU = Release|Any CPU
	EndGlobalSection
	GlobalSection(ProjectConfigurationPlatforms) = postSolution
		{AF278D5A-5E1C-5AAA-AE2C-94119D64D682}.Debug|Any CPU.ActiveCfg = Debug|Any CPU
		{AF278D5A-5E1C-5AAA-AE2C-94119D64D682}.Debug|Any CPU.Build.0 = Debug|Any CPU
		{AF278D5A-5E1C-5AAA-AE2C-94119D64D682}.Release|Any CPU.ActiveCfg = Release|Any CPU
		{AF278D5A-5E1C-5AAA-AE2C-94119D64D682}.Release|Any CPU.Build.0 = Release|Any CPU
		{094611C2-1CD1-20AC-821B-1BCAB0FDB6F2}.Debug|Any CPU.ActiveCfg = Debug|Any CPU
		{094611C2-1CD1-20AC-821B-1BCAB0FDB6F2}.Debug|Any CPU.Build.0 = Debug|Any CPU
		{094611C2-1CD1-20AC-821B-1BCAB0FDB6F2}.Release|Any CPU.ActiveCfg = Release|Any CPU
		{094611C2-1CD1-20AC-821B-1BCAB0FDB6F2}.Release|Any CPU.Build.0 = Release|Any CPU
	EndGlobalSection
	GlobalSection(SolutionProperties) = preSolution
		HideSolutionNode = FALSE
	EndGlobalSection
	GlobalSection(MonoDevelopProperties) = preSolution
		StartupItem = Assembly-CSharp.csproj
	EndGlobalSection
EndGlobal
