
Microsoft Visual Studio Solution File, Format Version 11.00
# Visual Studio 2010
Project("{FAE04EC0-301F-11D3-BF4B-00C04F79EFBC}") = "Music Visualizer v5", "Assembly-CSharp.csproj", "{E50A3D16-14F0-CA65-F797-50E4E1C8A287}"
EndProject
Project("{FAE04EC0-301F-11D3-BF4B-00C04F79EFBC}") = "Music Visualizer v5", "Assembly-CSharp-Editor.csproj", "{1A549F91-8F1F-26FE-2C5C-6B3A927B6090}"
EndProject
Global
	GlobalSection(SolutionConfigurationPlatforms) = preSolution
		Debug|Any CPU = Debug|Any CPU
		Release|Any CPU = Release|Any CPU
	EndGlobalSection
	GlobalSection(ProjectConfigurationPlatforms) = postSolution
		{E50A3D16-14F0-CA65-F797-50E4E1C8A287}.Debug|Any CPU.ActiveCfg = Debug|Any CPU
		{E50A3D16-14F0-CA65-F797-50E4E1C8A287}.Debug|Any CPU.Build.0 = Debug|Any CPU
		{E50A3D16-14F0-CA65-F797-50E4E1C8A287}.Release|Any CPU.ActiveCfg = Release|Any CPU
		{E50A3D16-14F0-CA65-F797-50E4E1C8A287}.Release|Any CPU.Build.0 = Release|Any CPU
		{1A549F91-8F1F-26FE-2C5C-6B3A927B6090}.Debug|Any CPU.ActiveCfg = Debug|Any CPU
		{1A549F91-8F1F-26FE-2C5C-6B3A927B6090}.Debug|Any CPU.Build.0 = Debug|Any CPU
		{1A549F91-8F1F-26FE-2C5C-6B3A927B6090}.Release|Any CPU.ActiveCfg = Release|Any CPU
		{1A549F91-8F1F-26FE-2C5C-6B3A927B6090}.Release|Any CPU.Build.0 = Release|Any CPU
	EndGlobalSection
	GlobalSection(SolutionProperties) = preSolution
		HideSolutionNode = FALSE
	EndGlobalSection
	GlobalSection(MonoDevelopProperties) = preSolution
		StartupItem = Assembly-CSharp.csproj
	EndGlobalSection
EndGlobal
