
Microsoft Visual Studio Solution File, Format Version 11.00
# Visual Studio 2010
Project("{FAE04EC0-301F-11D3-BF4B-00C04F79EFBC}") = "Music Visualizer v2", "Assembly-CSharp.csproj", "{2331AD32-A62B-FD5E-C930-39AC0E1F8BFB}"
EndProject
Project("{FAE04EC0-301F-11D3-BF4B-00C04F79EFBC}") = "Music Visualizer v2", "Assembly-CSharp-Editor.csproj", "{6F7C63D3-BA34-A98C-B13D-52A64AFE5472}"
EndProject
Global
	GlobalSection(SolutionConfigurationPlatforms) = preSolution
		Debug|Any CPU = Debug|Any CPU
		Release|Any CPU = Release|Any CPU
	EndGlobalSection
	GlobalSection(ProjectConfigurationPlatforms) = postSolution
		{2331AD32-A62B-FD5E-C930-39AC0E1F8BFB}.Debug|Any CPU.ActiveCfg = Debug|Any CPU
		{2331AD32-A62B-FD5E-C930-39AC0E1F8BFB}.Debug|Any CPU.Build.0 = Debug|Any CPU
		{2331AD32-A62B-FD5E-C930-39AC0E1F8BFB}.Release|Any CPU.ActiveCfg = Release|Any CPU
		{2331AD32-A62B-FD5E-C930-39AC0E1F8BFB}.Release|Any CPU.Build.0 = Release|Any CPU
		{6F7C63D3-BA34-A98C-B13D-52A64AFE5472}.Debug|Any CPU.ActiveCfg = Debug|Any CPU
		{6F7C63D3-BA34-A98C-B13D-52A64AFE5472}.Debug|Any CPU.Build.0 = Debug|Any CPU
		{6F7C63D3-BA34-A98C-B13D-52A64AFE5472}.Release|Any CPU.ActiveCfg = Release|Any CPU
		{6F7C63D3-BA34-A98C-B13D-52A64AFE5472}.Release|Any CPU.Build.0 = Release|Any CPU
	EndGlobalSection
	GlobalSection(SolutionProperties) = preSolution
		HideSolutionNode = FALSE
	EndGlobalSection
	GlobalSection(MonoDevelopProperties) = preSolution
		StartupItem = Assembly-CSharp.csproj
	EndGlobalSection
EndGlobal
